{
  "name": "screencapturekit-example",
  "version": "1.0.0",
  "lockfileVersion": 3,
  "requires": true,
  "packages": {
    "": {
      "name": "screencapturekit-example",
      "version": "1.0.0",
      "license": "MIT",
      "dependencies": {
        "screencapturekit": "file:.."
      }
    },
    "..": {
      "name": "screencapturekit",
      "version": "0.1.0",
      "license": "MIT",
      "dependencies": {
        "delay": "^6.0.0",
        "execa": "^8.0.1",
        "file-url": "^4.0.0",
        "macos-version": "^6.0.0",
        "tempy": "^3.1.0"
      },
      "devDependencies": {
        "@types/execa": "^2.0.0",
        "@types/node": "^20.10.5",
        "file-type": "^19.0.0",
        "prettier": "^3.1.1",
        "read-chunk": "^4.0.3",
        "semantic-release": "^23.0.0",
        "tsup": "^8.0.1",
        "typescript": "^5.3.3",
        "vitest": "^1.1.0"
      }
    },
    "node_modules/screencapturekit": {
      "resolved": "..",
      "link": true
    }
  }
}
